// !$*UTF8*$!
{
	archiveVersion = 1;
	classes = {
	};
	objectVersion = 55;
	objects = {

/* Begin PBXBuildFile section */
		1586C9BC279B5E3900452790 /* AppDelegate.swift in Sources */ = {isa = PBXBuildFile; fileRef = 1586C9BB279B5E3900452790 /* AppDelegate.swift */; };
		1586C9BE279B5E3900452790 /* SceneDelegate.swift in Sources */ = {isa = PBXBuildFile; fileRef = 1586C9BD279B5E3900452790 /* SceneDelegate.swift */; };
		1586C9C0279B5E3900452790 /* ViewController.swift in Sources */ = {isa = PBXBuildFile; fileRef = 1586C9BF279B5E3900452790 /* ViewController.swift */; };
		1586C9C3279B5E3900452790 /* Main.storyboard in Resources */ = {isa = PBXBuildFile; fileRef = 1586C9C1279B5E3900452790 /* Main.storyboard */; };
		1586C9C5279B5E3B00452790 /* Assets.xcassets in Resources */ = {isa = PBXBuildFile; fileRef = 1586C9C4279B5E3B00452790 /* Assets.xcassets */; };
		1586C9C8279B5E3B00452790 /* LaunchScreen.storyboard in Resources */ = {isa = PBXBuildFile; fileRef = 1586C9C6279B5E3B00452790 /* LaunchScreen.storyboard */; };
		1586C9D3279B5E3C00452790 /* FlixTests.swift in Sources */ = {isa = PBXBuildFile; fileRef = 1586C9D2279B5E3C00452790 /* FlixTests.swift */; };
		1586C9DD279B5E3C00452790 /* FlixUITests.swift in Sources */ = {isa = PBXBuildFile; fileRef = 1586C9DC279B5E3C00452790 /* FlixUITests.swift */; };
		1586C9DF279B5E3C00452790 /* FlixUITestsLaunchTests.swift in Sources */ = {isa = PBXBuildFile; fileRef = 1586C9DE279B5E3C00452790 /* FlixUITestsLaunchTests.swift */; };
		1586C9EE279B5FB400452790 /* MoviesViewController.swift in Sources */ = {isa = PBXBuildFile; fileRef = 1586C9ED279B5FB400452790 /* MoviesViewController.swift */; };
		1586C9F0279C9DD600452790 /* MovieCell.swift in Sources */ = {isa = PBXBuildFile; fileRef = 1586C9EF279C9DD500452790 /* MovieCell.swift */; };
		1586C9F3279CA1DE00452790 /* AlamofireImage in Frameworks */ = {isa = PBXBuildFile; productRef = 1586C9F2279CA1DE00452790 /* AlamofireImage */; };
		380D6ABA83138B88216991D5 /* Pods_FlixTests.framework in Frameworks */ = {isa = PBXBuildFile; fileRef = 14F97BEBDF3D2985319D6311 /* Pods_FlixTests.framework */; };
		409D81ACCA1DD2F82391885D /* Pods_Flix.framework in Frameworks */ = {isa = PBXBuildFile; fileRef = 37820C18043AA7E87E66B66D /* Pods_Flix.framework */; };
		CC42381C1AB945870AB0F4AA /* Pods_Flix_FlixUITests.framework in Frameworks */ = {isa = PBXBuildFile; fileRef = 82B6CC0EC49F67F8B2E54C02 /* Pods_Flix_FlixUITests.framework */; };
/* End PBXBuildFile section */

/* Begin PBXContainerItemProxy section */
		1586C9CF279B5E3C00452790 /* PBXContainerItemProxy */ = {
			isa = PBXContainerItemProxy;
			containerPortal = 1586C9B0279B5E3900452790 /* Project object */;
			proxyType = 1;
			remoteGlobalIDString = 1586C9B7279B5E3900452790;
			remoteInfo = Flix;
		};
		1586C9D9279B5E3C00452790 /* PBXContainerItemProxy */ = {
			isa = PBXContainerItemProxy;
			containerPortal = 1586C9B0279B5E3900452790 /* Project object */;
			proxyType = 1;
			remoteGlobalIDString = 1586C9B7279B5E3900452790;
			remoteInfo = Flix;
		};
/* End PBXContainerItemProxy section */

/* Begin PBXFileReference section */
		03D20204E2998ED1E26D56E7 /* Pods-Flix-FlixUITests.release.xcconfig */ = {isa = PBXFileReference; includeInIndex = 1; lastKnownFileType = text.xcconfig; name = "Pods-Flix-FlixUITests.release.xcconfig"; path = "Target Support Files/Pods-Flix-FlixUITests/Pods-Flix-FlixUITests.release.xcconfig"; sourceTree = "<group>"; };
		0447B44DB15A9DCB615A32F3 /* Pods-Flix.release.xcconfig */ = {isa = PBXFileReference; includeInIndex = 1; lastKnownFileType = text.xcconfig; name = "Pods-Flix.release.xcconfig"; path = "Target Support Files/Pods-Flix/Pods-Flix.release.xcconfig"; sourceTree = "<group>"; };
		14F97BEBDF3D2985319D6311 /* Pods_FlixTests.framework */ = {isa = PBXFileReference; explicitFileType = wrapper.framework; includeInIndex = 0; path = Pods_FlixTests.framework; sourceTree = BUILT_PRODUCTS_DIR; };
		1586C9B8279B5E3900452790 /* Flix.app */ = {isa = PBXFileReference; explicitFileType = wrapper.application; includeInIndex = 0; path = Flix.app; sourceTree = BUILT_PRODUCTS_DIR; };
		1586C9BB279B5E3900452790 /* AppDelegate.swift */ = {isa = PBXFileReference; lastKnownFileType = sourcecode.swift; path = AppDelegate.swift; sourceTree = "<group>"; };
		1586C9BD279B5E3900452790 /* SceneDelegate.swift */ = {isa = PBXFileReference; lastKnownFileType = sourcecode.swift; path = SceneDelegate.swift; sourceTree = "<group>"; };
		1586C9BF279B5E3900452790 /* ViewController.swift */ = {isa = PBXFileReference; lastKnownFileType = sourcecode.swift; path = ViewController.swift; sourceTree = "<group>"; };
		1586C9C2279B5E3900452790 /* Base */ = {isa = PBXFileReference; lastKnownFileType = file.storyboard; name = Base; path = Base.lproj/Main.storyboard; sourceTree = "<group>"; };
		1586C9C4279B5E3B00452790 /* Assets.xcassets */ = {isa = PBXFileReference; lastKnownFileType = folder.assetcatalog; path = Assets.xcassets; sourceTree = "<group>"; };
		1586C9C7279B5E3B00452790 /* Base */ = {isa = PBXFileReference; lastKnownFileType = file.storyboard; name = Base; path = Base.lproj/LaunchScreen.storyboard; sourceTree = "<group>"; };
		1586C9C9279B5E3B00452790 /* Info.plist */ = {isa = PBXFileReference; lastKnownFileType = text.plist.xml; path = Info.plist; sourceTree = "<group>"; };
		1586C9CE279B5E3C00452790 /* FlixTests.xctest */ = {isa = PBXFileReference; explicitFileType = wrapper.cfbundle; includeInIndex = 0; path = FlixTests.xctest; sourceTree = BUILT_PRODUCTS_DIR; };
		1586C9D2279B5E3C00452790 /* FlixTests.swift */ = {isa = PBXFileReference; lastKnownFileType = sourcecode.swift; path = FlixTests.swift; sourceTree = "<group>"; };
		1586C9D8279B5E3C00452790 /* FlixUITests.xctest */ = {isa = PBXFileReference; explicitFileType = wrapper.cfbundle; includeInIndex = 0; path = FlixUITests.xctest; sourceTree = BUILT_PRODUCTS_DIR; };
		1586C9DC279B5E3C00452790 /* FlixUITests.swift */ = {isa = PBXFileReference; lastKnownFileType = sourcecode.swift; path = FlixUITests.swift; sourceTree = "<group>"; };
		1586C9DE279B5E3C00452790 /* FlixUITestsLaunchTests.swift */ = {isa = PBXFileReference; lastKnownFileType = sourcecode.swift; path = FlixUITestsLaunchTests.swift; sourceTree = "<group>"; };
		1586C9ED279B5FB400452790 /* MoviesViewController.swift */ = {isa = PBXFileReference; lastKnownFileType = sourcecode.swift; path = MoviesViewController.swift; sourceTree = "<group>"; };
		1586C9EF279C9DD500452790 /* MovieCell.swift */ = {isa = PBXFileReference; lastKnownFileType = sourcecode.swift; path = MovieCell.swift; sourceTree = "<group>"; };
		22696CBBB5996786C9554C4F /* Pods-Flix.debug.xcconfig */ = {isa = PBXFileReference; includeInIndex = 1; lastKnownFileType = text.xcconfig; name = "Pods-Flix.debug.xcconfig"; path = "Target Support Files/Pods-Flix/Pods-Flix.debug.xcconfig"; sourceTree = "<group>"; };
		37820C18043AA7E87E66B66D /* Pods_Flix.framework */ = {isa = PBXFileReference; explicitFileType = wrapper.framework; includeInIndex = 0; path = Pods_Flix.framework; sourceTree = BUILT_PRODUCTS_DIR; };
		82B6CC0EC49F67F8B2E54C02 /* Pods_Flix_FlixUITests.framework */ = {isa = PBXFileReference; explicitFileType = wrapper.framework; includeInIndex = 0; path = Pods_Flix_FlixUITests.framework; sourceTree = BUILT_PRODUCTS_DIR; };
		9230BA65B05313BD81508DF8 /* Pods-Flix-FlixUITests.debug.xcconfig */ = {isa = PBXFileReference; includeInIndex = 1; lastKnownFileType = text.xcconfig; name = "Pods-Flix-FlixUITests.debug.xcconfig"; path = "Target Support Files/Pods-Flix-FlixUITests/Pods-Flix-FlixUITests.debug.xcconfig"; sourceTree = "<group>"; };
		CB5FEE9C86AF6DF8DE32CB91 /* Pods-FlixTests.debug.xcconfig */ = {isa = PBXFileReference; includeInIndex = 1; lastKnownFileType = text.xcconfig; name = "Pods-FlixTests.debug.xcconfig"; path = "Target Support Files/Pods-FlixTests/Pods-FlixTests.debug.xcconfig"; sourceTree = "<group>"; };
		DEFB0F9F5FAF0E398BE89991 /* Pods-FlixTests.release.xcconfig */ = {isa = PBXFileReference; includeInIndex = 1; lastKnownFileType = text.xcconfig; name = "Pods-FlixTests.release.xcconfig"; path = "Target Support Files/Pods-FlixTests/Pods-FlixTests.release.xcconfig"; sourceTree = "<group>"; };
/* End PBXFileReference section */

/* Begin PBXFrameworksBuildPhase section */
		1586C9B5279B5E3900452790 /* Frameworks */ = {
			isa = PBXFrameworksBuildPhase;
			buildActionMask = 2147483647;
			files = (
				1586C9F3279CA1DE00452790 /* AlamofireImage in Frameworks */,
				409D81ACCA1DD2F82391885D /* Pods_Flix.framework in Frameworks */,
			);
			runOnlyForDeploymentPostprocessing = 0;
		};
		1586C9CB279B5E3C00452790 /* Frameworks */ = {
			isa = PBXFrameworksBuildPhase;
			buildActionMask = 2147483647;
			files = (
				380D6ABA83138B88216991D5 /* Pods_FlixTests.framework in Frameworks */,
			);
			runOnlyForDeploymentPostprocessing = 0;
		};
		1586C9D5279B5E3C00452790 /* Frameworks */ = {
			isa = PBXFrameworksBuildPhase;
			buildActionMask = 2147483647;
			files = (
				CC42381C1AB945870AB0F4AA /* Pods_Flix_FlixUITests.framework in Frameworks */,
			);
			runOnlyForDeploymentPostprocessing = 0;
		};
/* End PBXFrameworksBuildPhase section */

/* Begin PBXGroup section */
		1586C9AF279B5E3900452790 = {
			isa = PBXGroup;
			children = (
				1586C9BA279B5E3900452790 /* Flix */,
				1586C9D1279B5E3C00452790 /* FlixTests */,
				1586C9DB279B5E3C00452790 /* FlixUITests */,
				1586C9B9279B5E3900452790 /* Products */,
				DCCAA422D7FA8C54D23DFEFD /* Pods */,
				C5DE286C3EA521E5CB110DEE /* Frameworks */,
			);
			sourceTree = "<group>";
		};
		1586C9B9279B5E3900452790 /* Products */ = {
			isa = PBXGroup;
			children = (
				1586C9B8279B5E3900452790 /* Flix.app */,
				1586C9CE279B5E3C00452790 /* FlixTests.xctest */,
				1586C9D8279B5E3C00452790 /* FlixUITests.xctest */,
			);
			name = Products;
			sourceTree = "<group>";
		};
		1586C9BA279B5E3900452790 /* Flix */ = {
			isa = PBXGroup;
			children = (
				1586C9BB279B5E3900452790 /* AppDelegate.swift */,
				1586C9BD279B5E3900452790 /* SceneDelegate.swift */,
				1586C9BF279B5E3900452790 /* ViewController.swift */,
				1586C9ED279B5FB400452790 /* MoviesViewController.swift */,
				1586C9C1279B5E3900452790 /* Main.storyboard */,
				1586C9EF279C9DD500452790 /* MovieCell.swift */,
				1586C9C4279B5E3B00452790 /* Assets.xcassets */,
				1586C9C6279B5E3B00452790 /* LaunchScreen.storyboard */,
				1586C9C9279B5E3B00452790 /* Info.plist */,
			);
			path = Flix;
			sourceTree = "<group>";
		};
		1586C9D1279B5E3C00452790 /* FlixTests */ = {
			isa = PBXGroup;
			children = (
				1586C9D2279B5E3C00452790 /* FlixTests.swift */,
			);
			path = FlixTests;
			sourceTree = "<group>";
		};
		1586C9DB279B5E3C00452790 /* FlixUITests */ = {
			isa = PBXGroup;
			children = (
				1586C9DC279B5E3C00452790 /* FlixUITests.swift */,
				1586C9DE279B5E3C00452790 /* FlixUITestsLaunchTests.swift */,
			);
			path = FlixUITests;
			sourceTree = "<group>";
		};
		C5DE286C3EA521E5CB110DEE /* Frameworks */ = {
			isa = PBXGroup;
			children = (
				37820C18043AA7E87E66B66D /* Pods_Flix.framework */,
				82B6CC0EC49F67F8B2E54C02 /* Pods_Flix_FlixUITests.framework */,
				14F97BEBDF3D2985319D6311 /* Pods_FlixTests.framework */,
			);
			name = Frameworks;
			sourceTree = "<group>";
		};
		DCCAA422D7FA8C54D23DFEFD /* Pods */ = {
			isa = PBXGroup;
			children = (
				22696CBBB5996786C9554C4F /* Pods-Flix.debug.xcconfig */,
				0447B44DB15A9DCB615A32F3 /* Pods-Flix.release.xcconfig */,
				9230BA65B05313BD81508DF8 /* Pods-Flix-FlixUITests.debug.xcconfig */,
				03D20204E2998ED1E26D56E7 /* Pods-Flix-FlixUITests.release.xcconfig */,
				CB5FEE9C86AF6DF8DE32CB91 /* Pods-FlixTests.debug.xcconfig */,
				DEFB0F9F5FAF0E398BE89991 /* Pods-FlixTests.release.xcconfig */,
			);
			name = Pods;
			path = Pods;
			sourceTree = "<group>";
		};
/* End PBXGroup section */

/* Begin PBXNativeTarget section */
		1586C9B7279B5E3900452790 /* Flix */ = {
			isa = PBXNativeTarget;
			buildConfigurationList = 1586C9E2279B5E3C00452790 /* Build configuration list for PBXNativeTarget "Flix" */;
			buildPhases = (
				C92E47B244BF83EEE75BDFD0 /* [CP] Check Pods Manifest.lock */,
				1586C9B4279B5E3900452790 /* Sources */,
				1586C9B5279B5E3900452790 /* Frameworks */,
				1586C9B6279B5E3900452790 /* Resources */,
				B0DE5CB41CAD83B22DB540DE /* [CP] Embed Pods Frameworks */,
			);
			buildRules = (
			);
			dependencies = (
			);
			name = Flix;
			packageProductDependencies = (
				1586C9F2279CA1DE00452790 /* AlamofireImage */,
			);
			productName = Flix;
			productReference = 1586C9B8279B5E3900452790 /* Flix.app */;
			productType = "com.apple.product-type.application";
		};
		1586C9CD279B5E3C00452790 /* FlixTests */ = {
			isa = PBXNativeTarget;
			buildConfigurationList = 1586C9E5279B5E3C00452790 /* Build configuration list for PBXNativeTarget "FlixTests" */;
			buildPhases = (
				A4FC90C73A058F84D2D188F1 /* [CP] Check Pods Manifest.lock */,
				1586C9CA279B5E3C00452790 /* Sources */,
				1586C9CB279B5E3C00452790 /* Frameworks */,
				1586C9CC279B5E3C00452790 /* Resources */,
			);
			buildRules = (
			);
			dependencies = (
				1586C9D0279B5E3C00452790 /* PBXTargetDependency */,
			);
			name = FlixTests;
			productName = FlixTests;
			productReference = 1586C9CE279B5E3C00452790 /* FlixTests.xctest */;
			productType = "com.apple.product-type.bundle.unit-test";
		};
		1586C9D7279B5E3C00452790 /* FlixUITests */ = {
			isa = PBXNativeTarget;
			buildConfigurationList = 1586C9E8279B5E3C00452790 /* Build configuration list for PBXNativeTarget "FlixUITests" */;
			buildPhases = (
				82C0120C90480EAB0B104328 /* [CP] Check Pods Manifest.lock */,
				1586C9D4279B5E3C00452790 /* Sources */,
				1586C9D5279B5E3C00452790 /* Frameworks */,
				1586C9D6279B5E3C00452790 /* Resources */,
				31446324C4EA4CA5B047B45C /* [CP] Embed Pods Frameworks */,
			);
			buildRules = (
			);
			dependencies = (
				1586C9DA279B5E3C00452790 /* PBXTargetDependency */,
			);
			name = FlixUITests;
			productName = FlixUITests;
			productReference = 1586C9D8279B5E3C00452790 /* FlixUITests.xctest */;
			productType = "com.apple.product-type.bundle.ui-testing";
		};
/* End PBXNativeTarget section */

/* Begin PBXProject section */
		1586C9B0279B5E3900452790 /* Project object */ = {
			isa = PBXProject;
			attributes = {
				BuildIndependentTargetsInParallel = 1;
				LastSwiftUpdateCheck = 1320;
				LastUpgradeCheck = 1320;
				TargetAttributes = {
					1586C9B7279B5E3900452790 = {
						CreatedOnToolsVersion = 13.2.1;
					};
					1586C9CD279B5E3C00452790 = {
						CreatedOnToolsVersion = 13.2.1;
						TestTargetID = 1586C9B7279B5E3900452790;
					};
					1586C9D7279B5E3C00452790 = {
						CreatedOnToolsVersion = 13.2.1;
						TestTargetID = 1586C9B7279B5E3900452790;
					};
				};
			};
			buildConfigurationList = 1586C9B3279B5E3900452790 /* Build configuration list for PBXProject "Flix" */;
			compatibilityVersion = "Xcode 13.0";
			developmentRegion = en;
			hasScannedForEncodings = 0;
			knownRegions = (
				en,
				Base,
			);
			mainGroup = 1586C9AF279B5E3900452790;
			packageReferences = (
				1586C9F1279CA1DE00452790 /* XCRemoteSwiftPackageReference "AlamofireImage" */,
			);
			productRefGroup = 1586C9B9279B5E3900452790 /* Products */;
			projectDirPath = "";
			projectRoot = "";
			targets = (
				1586C9B7279B5E3900452790 /* Flix */,
				1586C9CD279B5E3C00452790 /* FlixTests */,
				1586C9D7279B5E3C00452790 /* FlixUITests */,
			);
		};
/* End PBXProject section */

/* Begin PBXResourcesBuildPhase section */
		1586C9B6279B5E3900452790 /* Resources */ = {
			isa = PBXResourcesBuildPhase;
			buildActionMask = 2147483647;
			files = (
				1586C9C8279B5E3B00452790 /* LaunchScreen.storyboard in Resources */,
				1586C9C5279B5E3B00452790 /* Assets.xcassets in Resources */,
				1586C9C3279B5E3900452790 /* Main.storyboard in Resources */,
			);
			runOnlyForDeploymentPostprocessing = 0;
		};
		1586C9CC279B5E3C00452790 /* Resources */ = {
			isa = PBXResourcesBuildPhase;
			buildActionMask = 2147483647;
			files = (
			);
			runOnlyForDeploymentPostprocessing = 0;
		};
		1586C9D6279B5E3C00452790 /* Resources */ = {
			isa = PBXResourcesBuildPhase;
			buildActionMask = 2147483647;
			files = (
			);
			runOnlyForDeploymentPostprocessing = 0;
		};
/* End PBXResourcesBuildPhase section */

/* Begin PBXShellScriptBuildPhase section */
		31446324C4EA4CA5B047B45C /* [CP] Embed Pods Frameworks */ = {
			isa = PBXShellScriptBuildPhase;
			buildActionMask = 2147483647;
			files = (
			);
			inputFileListPaths = (
				"${PODS_ROOT}/Target Support Files/Pods-Flix-FlixUITests/Pods-Flix-FlixUITests-frameworks-${CONFIGURATION}-input-files.xcfilelist",
			);
			name = "[CP] Embed Pods Frameworks";
			outputFileListPaths = (
				"${PODS_ROOT}/Target Support Files/Pods-Flix-FlixUITests/Pods-Flix-FlixUITests-frameworks-${CONFIGURATION}-output-files.xcfilelist",
			);
			runOnlyForDeploymentPostprocessing = 0;
			shellPath = /bin/sh;
			shellScript = "\"${PODS_ROOT}/Target Support Files/Pods-Flix-FlixUITests/Pods-Flix-FlixUITests-frameworks.sh\"\n";
			showEnvVarsInLog = 0;
		};
		82C0120C90480EAB0B104328 /* [CP] Check Pods Manifest.lock */ = {
			isa = PBXShellScriptBuildPhase;
			buildActionMask = 2147483647;
			files = (
			);
			inputFileListPaths = (
			);
			inputPaths = (
				"${PODS_PODFILE_DIR_PATH}/Podfile.lock",
				"${PODS_ROOT}/Manifest.lock",
			);
			name = "[CP] Check Pods Manifest.lock";
			outputFileListPaths = (
			);
			outputPaths = (
				"$(DERIVED_FILE_DIR)/Pods-Flix-FlixUITests-checkManifestLockResult.txt",
			);
			runOnlyForDeploymentPostprocessing = 0;
			shellPath = /bin/sh;
			shellScript = "diff \"${PODS_PODFILE_DIR_PATH}/Podfile.lock\" \"${PODS_ROOT}/Manifest.lock\" > /dev/null\nif [ $? != 0 ] ; then\n    # print error to STDERR\n    echo \"error: The sandbox is not in sync with the Podfile.lock. Run 'pod install' or update your CocoaPods installation.\" >&2\n    exit 1\nfi\n# This output is used by Xcode 'outputs' to avoid re-running this script phase.\necho \"SUCCESS\" > \"${SCRIPT_OUTPUT_FILE_0}\"\n";
			showEnvVarsInLog = 0;
		};
		A4FC90C73A058F84D2D188F1 /* [CP] Check Pods Manifest.lock */ = {
			isa = PBXShellScriptBuildPhase;
			buildActionMask = 2147483647;
			files = (
			);
			inputFileListPaths = (
			);
			inputPaths = (
				"${PODS_PODFILE_DIR_PATH}/Podfile.lock",
				"${PODS_ROOT}/Manifest.lock",
			);
			name = "[CP] Check Pods Manifest.lock";
			outputFileListPaths = (
			);
			outputPaths = (
				"$(DERIVED_FILE_DIR)/Pods-FlixTests-checkManifestLockResult.txt",
			);
			runOnlyForDeploymentPostprocessing = 0;
			shellPath = /bin/sh;
			shellScript = "diff \"${PODS_PODFILE_DIR_PATH}/Podfile.lock\" \"${PODS_ROOT}/Manifest.lock\" > /dev/null\nif [ $? != 0 ] ; then\n    # print error to STDERR\n    echo \"error: The sandbox is not in sync with the Podfile.lock. Run 'pod install' or update your CocoaPods installation.\" >&2\n    exit 1\nfi\n# This output is used by Xcode 'outputs' to avoid re-running this script phase.\necho \"SUCCESS\" > \"${SCRIPT_OUTPUT_FILE_0}\"\n";
			showEnvVarsInLog = 0;
		};
		B0DE5CB41CAD83B22DB540DE /* [CP] Embed Pods Frameworks */ = {
			isa = PBXShellScriptBuildPhase;
			buildActionMask = 2147483647;
			files = (
			);
			inputFileListPaths = (
				"${PODS_ROOT}/Target Support Files/Pods-Flix/Pods-Flix-frameworks-${CONFIGURATION}-input-files.xcfilelist",
			);
			name = "[CP] Embed Pods Frameworks";
			outputFileListPaths = (
				"${PODS_ROOT}/Target Support Files/Pods-Flix/Pods-Flix-frameworks-${CONFIGURATION}-output-files.xcfilelist",
			);
			runOnlyForDeploymentPostprocessing = 0;
			shellPath = /bin/sh;
			shellScript = "\"${PODS_ROOT}/Target Support Files/Pods-Flix/Pods-Flix-frameworks.sh\"\n";
			showEnvVarsInLog = 0;
		};
		C92E47B244BF83EEE75BDFD0 /* [CP] Check Pods Manifest.lock */ = {
			isa = PBXShellScriptBuildPhase;
			buildActionMask = 2147483647;
			files = (
			);
			inputFileListPaths = (
			);
			inputPaths = (
				"${PODS_PODFILE_DIR_PATH}/Podfile.lock",
				"${PODS_ROOT}/Manifest.lock",
			);
			name = "[CP] Check Pods Manifest.lock";
			outputFileListPaths = (
			);
			outputPaths = (
				"$(DERIVED_FILE_DIR)/Pods-Flix-checkManifestLockResult.txt",
			);
			runOnlyForDeploymentPostprocessing = 0;
			shellPath = /bin/sh;
			shellScript = "diff \"${PODS_PODFILE_DIR_PATH}/Podfile.lock\" \"${PODS_ROOT}/Manifest.lock\" > /dev/null\nif [ $? != 0 ] ; then\n    # print error to STDERR\n    echo \"error: The sandbox is not in sync with the Podfile.lock. Run 'pod install' or update your CocoaPods installation.\" >&2\n    exit 1\nfi\n# This output is used by Xcode 'outputs' to avoid re-running this script phase.\necho \"SUCCESS\" > \"${SCRIPT_OUTPUT_FILE_0}\"\n";
			showEnvVarsInLog = 0;
		};
/* End PBXShellScriptBuildPhase section */

/* Begin PBXSourcesBuildPhase section */
		1586C9B4279B5E3900452790 /* Sources */ = {
			isa = PBXSourcesBuildPhase;
			buildActionMask = 2147483647;
			files = (
				1586C9C0279B5E3900452790 /* ViewController.swift in Sources */,
				1586C9BC279B5E3900452790 /* AppDelegate.swift in Sources */,
				1586C9BE279B5E3900452790 /* SceneDelegate.swift in Sources */,
				1586C9F0279C9DD600452790 /* MovieCell.swift in Sources */,
				1586C9EE279B5FB400452790 /* MoviesViewController.swift in Sources */,
			);
			runOnlyForDeploymentPostprocessing = 0;
		};
		1586C9CA279B5E3C00452790 /* Sources */ = {
			isa = PBXSourcesBuildPhase;
			buildActionMask = 2147483647;
			files = (
				1586C9D3279B5E3C00452790 /* FlixTests.swift in Sources */,
			);
			runOnlyForDeploymentPostprocessing = 0;
		};
		1586C9D4279B5E3C00452790 /* Sources */ = {
			isa = PBXSourcesBuildPhase;
			buildActionMask = 2147483647;
			files = (
				1586C9DD279B5E3C00452790 /* FlixUITests.swift in Sources */,
				1586C9DF279B5E3C00452790 /* FlixUITestsLaunchTests.swift in Sources */,
			);
			runOnlyForDeploymentPostprocessing = 0;
		};
/* End PBXSourcesBuildPhase section */

/* Begin PBXTargetDependency section */
		1586C9D0279B5E3C00452790 /* PBXTargetDependency */ = {
			isa = PBXTargetDependency;
			target = 1586C9B7279B5E3900452790 /* Flix */;
			targetProxy = 1586C9CF279B5E3C00452790 /* PBXContainerItemProxy */;
		};
		1586C9DA279B5E3C00452790 /* PBXTargetDependency */ = {
			isa = PBXTargetDependency;
			target = 1586C9B7279B5E3900452790 /* Flix */;
			targetProxy = 1586C9D9279B5E3C00452790 /* PBXContainerItemProxy */;
		};
/* End PBXTargetDependency section */

/* Begin PBXVariantGroup section */
		1586C9C1279B5E3900452790 /* Main.storyboard */ = {
			isa = PBXVariantGroup;
			children = (
				1586C9C2279B5E3900452790 /* Base */,
			);
			name = Main.storyboard;
			sourceTree = "<group>";
		};
		1586C9C6279B5E3B00452790 /* LaunchScreen.storyboard */ = {
			isa = PBXVariantGroup;
			children = (
				1586C9C7279B5E3B00452790 /* Base */,
			);
			name = LaunchScreen.storyboard;
			sourceTree = "<group>";
		};
/* End PBXVariantGroup section */

/* Begin XCBuildConfiguration section */
		1586C9E0279B5E3C00452790 /* Debug */ = {
			isa = XCBuildConfiguration;
			buildSettings = {
				ALWAYS_SEARCH_USER_PATHS = NO;
				CLANG_ANALYZER_NONNULL = YES;
				CLANG_ANALYZER_NUMBER_OBJECT_CONVERSION = YES_AGGRESSIVE;
				CLANG_CXX_LANGUAGE_STANDARD = "gnu++17";
				CLANG_CXX_LIBRARY = "libc++";
				CLANG_ENABLE_MODULES = YES;
				CLANG_ENABLE_OBJC_ARC = YES;
				CLANG_ENABLE_OBJC_WEAK = YES;
				CLANG_WARN_BLOCK_CAPTURE_AUTORELEASING = YES;
				CLANG_WARN_BOOL_CONVERSION = YES;
				CLANG_WARN_COMMA = YES;
				CLANG_WARN_CONSTANT_CONVERSION = YES;
				CLANG_WARN_DEPRECATED_OBJC_IMPLEMENTATIONS = YES;
				CLANG_WARN_DIRECT_OBJC_ISA_USAGE = YES_ERROR;
				CLANG_WARN_DOCUMENTATION_COMMENTS = YES;
				CLANG_WARN_EMPTY_BODY = YES;
				CLANG_WARN_ENUM_CONVERSION = YES;
				CLANG_WARN_INFINITE_RECURSION = YES;
				CLANG_WARN_INT_CONVERSION = YES;
				CLANG_WARN_NON_LITERAL_NULL_CONVERSION = YES;
				CLANG_WARN_OBJC_IMPLICIT_RETAIN_SELF = YES;
				CLANG_WARN_OBJC_LITERAL_CONVERSION = YES;
				CLANG_WARN_OBJC_ROOT_CLASS = YES_ERROR;
				CLANG_WARN_QUOTED_INCLUDE_IN_FRAMEWORK_HEADER = YES;
				CLANG_WARN_RANGE_LOOP_ANALYSIS = YES;
				CLANG_WARN_STRICT_PROTOTYPES = YES;
				CLANG_WARN_SUSPICIOUS_MOVE = YES;
				CLANG_WARN_UNGUARDED_AVAILABILITY = YES_AGGRESSIVE;
				CLANG_WARN_UNREACHABLE_CODE = YES;
				CLANG_WARN__DUPLICATE_METHOD_MATCH = YES;
				COPY_PHASE_STRIP = NO;
				DEBUG_INFORMATION_FORMAT = dwarf;
				ENABLE_STRICT_OBJC_MSGSEND = YES;
				ENABLE_TESTABILITY = YES;
				GCC_C_LANGUAGE_STANDARD = gnu11;
				GCC_DYNAMIC_NO_PIC = NO;
				GCC_NO_COMMON_BLOCKS = YES;
				GCC_OPTIMIZATION_LEVEL = 0;
				GCC_PREPROCESSOR_DEFINITIONS = (
					"DEBUG=1",
					"$(inherited)",
				);
				GCC_WARN_64_TO_32_BIT_CONVERSION = YES;
				GCC_WARN_ABOUT_RETURN_TYPE = YES_ERROR;
				GCC_WARN_UNDECLARED_SELECTOR = YES;
				GCC_WARN_UNINITIALIZED_AUTOS = YES_AGGRESSIVE;
				GCC_WARN_UNUSED_FUNCTION = YES;
				GCC_WARN_UNUSED_VARIABLE = YES;
				IPHONEOS_DEPLOYMENT_TARGET = 15.2;
				MTL_ENABLE_DEBUG_INFO = INCLUDE_SOURCE;
				MTL_FAST_MATH = YES;
				ONLY_ACTIVE_ARCH = YES;
				SDKROOT = iphoneos;
				SWIFT_ACTIVE_COMPILATION_CONDITIONS = DEBUG;
				SWIFT_OPTIMIZATION_LEVEL = "-Onone";
			};
			name = Debug;
		};
		1586C9E1279B5E3C00452790 /* Release */ = {
			isa = XCBuildConfiguration;
			buildSettings = {
				ALWAYS_SEARCH_USER_PATHS = NO;
				CLANG_ANALYZER_NONNULL = YES;
				CLANG_ANALYZER_NUMBER_OBJECT_CONVERSION = YES_AGGRESSIVE;
				CLANG_CXX_LANGUAGE_STANDARD = "gnu++17";
				CLANG_CXX_LIBRARY = "libc++";
				CLANG_ENABLE_MODULES = YES;
				CLANG_ENABLE_OBJC_ARC = YES;
				CLANG_ENABLE_OBJC_WEAK = YES;
				CLANG_WARN_BLOCK_CAPTURE_AUTORELEASING = YES;
				CLANG_WARN_BOOL_CONVERSION = YES;
				CLANG_WARN_COMMA = YES;
				CLANG_WARN_CONSTANT_CONVERSION = YES;
				CLANG_WARN_DEPRECATED_OBJC_IMPLEMENTATIONS = YES;
				CLANG_WARN_DIRECT_OBJC_ISA_USAGE = YES_ERROR;
				CLANG_WARN_DOCUMENTATION_COMMENTS = YES;
				CLANG_WARN_EMPTY_BODY = YES;
				CLANG_WARN_ENUM_CONVERSION = YES;
				CLANG_WARN_INFINITE_RECURSION = YES;
				CLANG_WARN_INT_CONVERSION = YES;
				CLANG_WARN_NON_LITERAL_NULL_CONVERSION = YES;
				CLANG_WARN_OBJC_IMPLICIT_RETAIN_SELF = YES;
				CLANG_WARN_OBJC_LITERAL_CONVERSION = YES;
				CLANG_WARN_OBJC_ROOT_CLASS = YES_ERROR;
				CLANG_WARN_QUOTED_INCLUDE_IN_FRAMEWORK_HEADER = YES;
				CLANG_WARN_RANGE_LOOP_ANALYSIS = YES;
				CLANG_WARN_STRICT_PROTOTYPES = YES;
				CLANG_WARN_SUSPICIOUS_MOVE = YES;
				CLANG_WARN_UNGUARDED_AVAILABILITY = YES_AGGRESSIVE;
				CLANG_WARN_UNREACHABLE_CODE = YES;
				CLANG_WARN__DUPLICATE_METHOD_MATCH = YES;
				COPY_PHASE_STRIP = NO;
				DEBUG_INFORMATION_FORMAT = "dwarf-with-dsym";
				ENABLE_NS_ASSERTIONS = NO;
				ENABLE_STRICT_OBJC_MSGSEND = YES;
				GCC_C_LANGUAGE_STANDARD = gnu11;
				GCC_NO_COMMON_BLOCKS = YES;
				GCC_WARN_64_TO_32_BIT_CONVERSION = YES;
				GCC_WARN_ABOUT_RETURN_TYPE = YES_ERROR;
				GCC_WARN_UNDECLARED_SELECTOR = YES;
				GCC_WARN_UNINITIALIZED_AUTOS = YES_AGGRESSIVE;
				GCC_WARN_UNUSED_FUNCTION = YES;
				GCC_WARN_UNUSED_VARIABLE = YES;
				IPHONEOS_DEPLOYMENT_TARGET = 15.2;
				MTL_ENABLE_DEBUG_INFO = NO;
				MTL_FAST_MATH = YES;
				SDKROOT = iphoneos;
				SWIFT_COMPILATION_MODE = wholemodule;
				SWIFT_OPTIMIZATION_LEVEL = "-O";
				VALIDATE_PRODUCT = YES;
			};
			name = Release;
		};
		1586C9E3279B5E3C00452790 /* Debug */ = {
			isa = XCBuildConfiguration;
			baseConfigurationReference = 22696CBBB5996786C9554C4F /* Pods-Flix.debug.xcconfig */;
			buildSettings = {
				ASSETCATALOG_COMPILER_APPICON_NAME = AppIcon;
				ASSETCATALOG_COMPILER_GLOBAL_ACCENT_COLOR_NAME = AccentColor;
				CODE_SIGN_STYLE = Automatic;
				CURRENT_PROJECT_VERSION = 1;
				DEVELOPMENT_TEAM = F748U6T7V8;
				GENERATE_INFOPLIST_FILE = YES;
				INFOPLIST_FILE = Flix/Info.plist;
				INFOPLIST_KEY_UIApplicationSupportsIndirectInputEvents = YES;
				INFOPLIST_KEY_UILaunchStoryboardName = LaunchScreen;
				INFOPLIST_KEY_UIMainStoryboardFile = Main;
				INFOPLIST_KEY_UISupportedInterfaceOrientations_iPad = "UIInterfaceOrientationPortrait UIInterfaceOrientationPortraitUpsideDown UIInterfaceOrientationLandscapeLeft UIInterfaceOrientationLandscapeRight";
				INFOPLIST_KEY_UISupportedInterfaceOrientations_iPhone = "UIInterfaceOrientationPortrait UIInterfaceOrientationLandscapeLeft UIInterfaceOrientationLandscapeRight";
				LD_RUNPATH_SEARCH_PATHS = (
					"$(inherited)",
					"@executable_path/Frameworks",
				);
				MARKETING_VERSION = 1.0;
				PRODUCT_BUNDLE_IDENTIFIER = com.JasonBodzy.Flix;
				PRODUCT_NAME = "$(TARGET_NAME)";
				SWIFT_EMIT_LOC_STRINGS = YES;
				SWIFT_VERSION = 5.0;
				TARGETED_DEVICE_FAMILY = "1,2";
			};
			name = Debug;
		};
		1586C9E4279B5E3C00452790 /* Release */ = {
			isa = XCBuildConfiguration;
			baseConfigurationReference = 0447B44DB15A9DCB615A32F3 /* Pods-Flix.release.xcconfig */;
			buildSettings = {
				ASSETCATALOG_COMPILER_APPICON_NAME = AppIcon;
				ASSETCATALOG_COMPILER_GLOBAL_ACCENT_COLOR_NAME = AccentColor;
				CODE_SIGN_STYLE = Automatic;
				CURRENT_PROJECT_VERSION = 1;
				DEVELOPMENT_TEAM = F748U6T7V8;
				GENERATE_INFOPLIST_FILE = YES;
				INFOPLIST_FILE = Flix/Info.plist;
				INFOPLIST_KEY_UIApplicationSupportsIndirectInputEvents = YES;
				INFOPLIST_KEY_UILaunchStoryboardName = LaunchScreen;
				INFOPLIST_KEY_UIMainStoryboardFile = Main;
				INFOPLIST_KEY_UISupportedInterfaceOrientations_iPad = "UIInterfaceOrientationPortrait UIInterfaceOrientationPortraitUpsideDown UIInterfaceOrientationLandscapeLeft UIInterfaceOrientationLandscapeRight";
				INFOPLIST_KEY_UISupportedInterfaceOrientations_iPhone = "UIInterfaceOrientationPortrait UIInterfaceOrientationLandscapeLeft UIInterfaceOrientationLandscapeRight";
				LD_RUNPATH_SEARCH_PATHS = (
					"$(inherited)",
					"@executable_path/Frameworks",
				);
				MARKETING_VERSION = 1.0;
				PRODUCT_BUNDLE_IDENTIFIER = com.JasonBodzy.Flix;
				PRODUCT_NAME = "$(TARGET_NAME)";
				SWIFT_EMIT_LOC_STRINGS = YES;
				SWIFT_VERSION = 5.0;
				TARGETED_DEVICE_FAMILY = "1,2";
			};
			name = Release;
		};
		1586C9E6279B5E3C00452790 /* Debug */ = {
			isa = XCBuildConfiguration;
			baseConfigurationReference = CB5FEE9C86AF6DF8DE32CB91 /* Pods-FlixTests.debug.xcconfig */;
			buildSettings = {
				ALWAYS_EMBED_SWIFT_STANDARD_LIBRARIES = YES;
				BUNDLE_LOADER = "$(TEST_HOST)";
				CODE_SIGN_STYLE = Automatic;
				CURRENT_PROJECT_VERSION = 1;
				DEVELOPMENT_TEAM = F748U6T7V8;
				GENERATE_INFOPLIST_FILE = YES;
				IPHONEOS_DEPLOYMENT_TARGET = 15.2;
				MARKETING_VERSION = 1.0;
				PRODUCT_BUNDLE_IDENTIFIER = com.JasonBodzy.FlixTests;
				PRODUCT_NAME = "$(TARGET_NAME)";
				SWIFT_EMIT_LOC_STRINGS = NO;
				SWIFT_VERSION = 5.0;
				TARGETED_DEVICE_FAMILY = "1,2";
				TEST_HOST = "$(BUILT_PRODUCTS_DIR)/Flix.app/Flix";
			};
			name = Debug;
		};
		1586C9E7279B5E3C00452790 /* Release */ = {
			isa = XCBuildConfiguration;
			baseConfigurationReference = DEFB0F9F5FAF0E398BE89991 /* Pods-FlixTests.release.xcconfig */;
			buildSettings = {
				ALWAYS_EMBED_SWIFT_STANDARD_LIBRARIES = YES;
				BUNDLE_LOADER = "$(TEST_HOST)";
				CODE_SIGN_STYLE = Automatic;
				CURRENT_PROJECT_VERSION = 1;
				DEVELOPMENT_TEAM = F748U6T7V8;
				GENERATE_INFOPLIST_FILE = YES;
				IPHONEOS_DEPLOYMENT_TARGET = 15.2;
				MARKETING_VERSION = 1.0;
				PRODUCT_BUNDLE_IDENTIFIER = com.JasonBodzy.FlixTests;
				PRODUCT_NAME = "$(TARGET_NAME)";
				SWIFT_EMIT_LOC_STRINGS = NO;
				SWIFT_VERSION = 5.0;
				TARGETED_DEVICE_FAMILY = "1,2";
				TEST_HOST = "$(BUILT_PRODUCTS_DIR)/Flix.app/Flix";
			};
			name = Release;
		};
		1586C9E9279B5E3C00452790 /* Debug */ = {
			isa = XCBuildConfiguration;
			baseConfigurationReference = 9230BA65B05313BD81508DF8 /* Pods-Flix-FlixUITests.debug.xcconfig */;
			buildSettings = {
				ALWAYS_EMBED_SWIFT_STANDARD_LIBRARIES = YES;
				CODE_SIGN_STYLE = Automatic;
				CURRENT_PROJECT_VERSION = 1;
				DEVELOPMENT_TEAM = F748U6T7V8;
				GENERATE_INFOPLIST_FILE = YES;
				MARKETING_VERSION = 1.0;
				PRODUCT_BUNDLE_IDENTIFIER = com.JasonBodzy.FlixUITests;
				PRODUCT_NAME = "$(TARGET_NAME)";
				SWIFT_EMIT_LOC_STRINGS = NO;
				SWIFT_VERSION = 5.0;
				TARGETED_DEVICE_FAMILY = "1,2";
				TEST_TARGET_NAME = Flix;
			};
			name = Debug;
		};
		1586C9EA279B5E3C00452790 /* Release */ = {
			isa = XCBuildConfiguration;
			baseConfigurationReference = 03D20204E2998ED1E26D56E7 /* Pods-Flix-FlixUITests.release.xcconfig */;
			buildSettings = {
				ALWAYS_EMBED_SWIFT_STANDARD_LIBRARIES = YES;
				CODE_SIGN_STYLE = Automatic;
				CURRENT_PROJECT_VERSION = 1;
				DEVELOPMENT_TEAM = F748U6T7V8;
				GENERATE_INFOPLIST_FILE = YES;
				MARKETING_VERSION = 1.0;
				PRODUCT_BUNDLE_IDENTIFIER = com.JasonBodzy.FlixUITests;
				PRODUCT_NAME = "$(TARGET_NAME)";
				SWIFT_EMIT_LOC_STRINGS = NO;
				SWIFT_VERSION = 5.0;
				TARGETED_DEVICE_FAMILY = "1,2";
				TEST_TARGET_NAME = Flix;
			};
			name = Release;
		};
/* End XCBuildConfiguration section */

/* Begin XCConfigurationList section */
		1586C9B3279B5E3900452790 /* Build configuration list for PBXProject "Flix" */ = {
			isa = XCConfigurationList;
			buildConfigurations = (
				1586C9E0279B5E3C00452790 /* Debug */,
				1586C9E1279B5E3C00452790 /* Release */,
			);
			defaultConfigurationIsVisible = 0;
			defaultConfigurationName = Release;
		};
		1586C9E2279B5E3C00452790 /* Build configuration list for PBXNativeTarget "Flix" */ = {
			isa = XCConfigurationList;
			buildConfigurations = (
				1586C9E3279B5E3C00452790 /* Debug */,
				1586C9E4279B5E3C00452790 /* Release */,
			);
			defaultConfigurationIsVisible = 0;
			defaultConfigurationName = Release;
		};
		1586C9E5279B5E3C00452790 /* Build configuration list for PBXNativeTarget "FlixTests" */ = {
			isa = XCConfigurationList;
			buildConfigurations = (
				1586C9E6279B5E3C00452790 /* Debug */,
				1586C9E7279B5E3C00452790 /* Release */,
			);
			defaultConfigurationIsVisible = 0;
			defaultConfigurationName = Release;
		};
		1586C9E8279B5E3C00452790 /* Build configuration list for PBXNativeTarget "FlixUITests" */ = {
			isa = XCConfigurationList;
			buildConfigurations = (
				1586C9E9279B5E3C00452790 /* Debug */,
				1586C9EA279B5E3C00452790 /* Release */,
			);
			defaultConfigurationIsVisible = 0;
			defaultConfigurationName = Release;
		};
/* End XCConfigurationList section */

/* Begin XCRemoteSwiftPackageReference section */
		1586C9F1279CA1DE00452790 /* XCRemoteSwiftPackageReference "AlamofireImage" */ = {
			isa = XCRemoteSwiftPackageReference;
			repositoryURL = "https://github.com/Alamofire/AlamofireImage";
			requirement = {
				kind = upToNextMajorVersion;
				minimumVersion = 4.0.0;
			};
		};
/* End XCRemoteSwiftPackageReference section */

/* Begin XCSwiftPackageProductDependency section */
		1586C9F2279CA1DE00452790 /* AlamofireImage */ = {
			isa = XCSwiftPackageProductDependency;
			package = 1586C9F1279CA1DE00452790 /* XCRemoteSwiftPackageReference "AlamofireImage" */;
			productName = AlamofireImage;
		};
/* End XCSwiftPackageProductDependency section */
	};
	rootObject = 1586C9B0279B5E3900452790 /* Project object */;
}
